version = 1
revision = 3
requires-python = ">=3.10, <4.0"

[[package]]
name = "bashlex"
version = "0.18"
source = { registry = "https://pypi.org/simple" }
sdist = { url = "https://files.pythonhosted.org/packages/76/60/aae0bb54f9af5e0128ba90eb83d8d0d506ee8f0475c4fdda3deeda20b1d2/bashlex-0.18.tar.gz", hash = "sha256:5bb03a01c6d5676338c36fd1028009c8ad07e7d61d8a1ce3f513b7fff52796ee", size = 68742, upload-time = "2023-01-18T15:21:26.402Z" }
wheels = [
    { url = "https://files.pythonhosted.org/packages/f4/be/6985abb1011fda8a523cfe21ed9629e397d6e06fb5bae99750402b25c95b/bashlex-0.18-py2.py3-none-any.whl", hash = "sha256:91d73a23a3e51711919c1c899083890cdecffc91d8c088942725ac13e9dcfffa", size = 69539, upload-time = "2023-01-18T15:21:24.167Z" },
]

[[package]]
name = "bracex"
version = "2.5.post1"
source = { registry = "https://pypi.org/simple" }
sdist = { url = "https://files.pythonhosted.org/packages/d6/6c/57418c4404cd22fe6275b8301ca2b46a8cdaa8157938017a9ae0b3edf363/bracex-2.5.post1.tar.gz", hash = "sha256:12c50952415bfa773d2d9ccb8e79651b8cdb1f31a42f6091b804f6ba2b4a66b6", size = 26641, upload-time = "2024-09-28T21:41:22.017Z" }
wheels = [
    { url = "https://files.pythonhosted.org/packages/4b/02/8db98cdc1a58e0abd6716d5e63244658e6e63513c65f469f34b6f1053fd0/bracex-2.5.post1-py3-none-any.whl", hash = "sha256:13e5732fec27828d6af308628285ad358047cec36801598368cb28bc631dbaf6", size = 11558, upload-time = "2024-09-28T21:41:21.016Z" },
]

[[package]]
name = "certifi"
version = "2024.8.30"
source = { registry = "https://pypi.org/simple" }
sdist = { url = "https://files.pythonhosted.org/packages/b0/ee/9b19140fe824b367c04c5e1b369942dd754c4c5462d5674002f75c4dedc1/certifi-2024.8.30.tar.gz", hash = "sha256:bec941d2aa8195e248a60b31ff9f0558284cf01a52591ceda73ea9afffd69fd9", size = 168507, upload-time = "2024-08-30T01:55:04.365Z" }
wheels = [
    { url = "https://files.pythonhosted.org/packages/12/90/3c9ff0512038035f59d279fddeb79f5f1eccd8859f06d6163c58798b9487/certifi-2024.8.30-py3-none-any.whl", hash = "sha256:922820b53db7a7257ffbda3f597266d435245903d80737e34f8a45ff3e3230d8", size = 167321, upload-time = "2024-08-30T01:55:02.591Z" },
]

[[package]]
name = "cibuildwheel"
version = "2.22.0"
source = { registry = "https://pypi.org/simple" }
dependencies = [
    { name = "bashlex" },
    { name = "bracex" },
    { name = "certifi" },
    { name = "dependency-groups" },
    { name = "filelock" },
    { name = "packaging" },
    { name = "platformdirs" },
    { name = "tomli", marker = "python_full_version < '3.11'" },
    { name = "typing-extensions", marker = "python_full_version < '3.11'" },
]
sdist = { url = "https://files.pythonhosted.org/packages/fb/e6/056885ae28e9a3abb00de8980d3fcff178c1f4aa1f286f6eb4fcd4fb4035/cibuildwheel-2.22.0.tar.gz", hash = "sha256:6651e775ac26a86a49d67639aa3540f19728caf0dfcd80f156ba4f241aad4940", size = 294453, upload-time = "2024-11-23T06:47:09.438Z" }
wheels = [
    { url = "https://files.pythonhosted.org/packages/b7/de/67bc9e8972717710a6faf814b7613653ab9efe7507015ca0ead4eba0f8cf/cibuildwheel-2.22.0-py3-none-any.whl", hash = "sha256:c40bb7ac7b57fed8195fca624cc9bd68334375d32b75bea6fa8330ac1cd902c4", size = 91689, upload-time = "2024-11-23T06:47:07.383Z" },
]

[[package]]
name = "colorama"
version = "0.4.6"
source = { registry = "https://pypi.org/simple" }
sdist = { url = "https://files.pythonhosted.org/packages/d8/53/6f443c9a4a8358a93a6792e2acffb9d9d5cb0a5cfd8802644b7b1c9a02e4/colorama-0.4.6.tar.gz", hash = "sha256:08695f5cb7ed6e0531a20572697297273c47b8cae5a63ffc6d6ed5c201be6e44", size = 27697, upload-time = "2022-10-25T02:36:22.414Z" }
wheels = [
    { url = "https://files.pythonhosted.org/packages/d1/d6/3965ed04c63042e047cb6a3e6ed1a63a35087b6a609aa3a15ed8ac56c221/colorama-0.4.6-py2.py3-none-any.whl", hash = "sha256:4f1d9991f5acc0ca119f9d443620b77f9d6b33703e51011c16baf57afb285fc6", size = 25335, upload-time = "2022-10-25T02:36:20.889Z" },
]

[[package]]
name = "dependency-groups"
version = "1.3.0"
source = { registry = "https://pypi.org/simple" }
dependencies = [
    { name = "packaging" },
    { name = "tomli", marker = "python_full_version < '3.11'" },
]
sdist = { url = "https://files.pythonhosted.org/packages/b4/57/cd53c3e335eafbb0894449af078e2b71db47e9939ce2b45013e5a9fe89b7/dependency_groups-1.3.0.tar.gz", hash = "sha256:5b9751d5d98fbd6dfd038a560a69c8382e41afcbf7ffdbcc28a2a3f85498830f", size = 9832, upload-time = "2024-11-01T00:31:56.828Z" }
wheels = [
    { url = "https://files.pythonhosted.org/packages/99/2c/3e3afb1df3dc8a8deeb143f6ac41acbfdfae4f03a54c760871c56832a554/dependency_groups-1.3.0-py3-none-any.whl", hash = "sha256:1abf34d712deda5581e80d507512664d52b35d1c2d7caf16c85e58ca508547e0", size = 8597, upload-time = "2024-11-01T00:31:55.488Z" },
]

[[package]]
name = "exceptiongroup"
version = "1.2.2"
source = { registry = "https://pypi.org/simple" }
sdist = { url = "https://files.pythonhosted.org/packages/09/35/2495c4ac46b980e4ca1f6ad6db102322ef3ad2410b79fdde159a4b0f3b92/exceptiongroup-1.2.2.tar.gz", hash = "sha256:47c2edf7c6738fafb49fd34290706d1a1a2f4d1c6df275526b62cbb4aa5393cc", size = 28883, upload-time = "2024-07-12T22:26:00.161Z" }
wheels = [
    { url = "https://files.pythonhosted.org/packages/02/cc/b7e31358aac6ed1ef2bb790a9746ac2c69bcb3c8588b41616914eb106eaf/exceptiongroup-1.2.2-py3-none-any.whl", hash = "sha256:3111b9d131c238bec2f8f516e123e14ba243563fb135d3fe885990585aa7795b", size = 16453, upload-time = "2024-07-12T22:25:58.476Z" },
]

[[package]]
name = "filelock"
version = "3.16.1"
source = { registry = "https://pypi.org/simple" }
sdist = { url = "https://files.pythonhosted.org/packages/9d/db/3ef5bb276dae18d6ec2124224403d1d67bccdbefc17af4cc8f553e341ab1/filelock-3.16.1.tar.gz", hash = "sha256:c249fbfcd5db47e5e2d6d62198e565475ee65e4831e2561c8e313fa7eb961435", size = 18037, upload-time = "2024-09-17T19:02:01.779Z" }
wheels = [
    { url = "https://files.pythonhosted.org/packages/b9/f8/feced7779d755758a52d1f6635d990b8d98dc0a29fa568bbe0625f18fdf3/filelock-3.16.1-py3-none-any.whl", hash = "sha256:2082e5703d51fbf98ea75855d9d5527e33d8ff23099bec374a134febee6946b0", size = 16163, upload-time = "2024-09-17T19:02:00.268Z" },
]

[[package]]
name = "iniconfig"
version = "2.0.0"
source = { registry = "https://pypi.org/simple" }
sdist = { url = "https://files.pythonhosted.org/packages/d7/4b/cbd8e699e64a6f16ca3a8220661b5f83792b3017d0f79807cb8708d33913/iniconfig-2.0.0.tar.gz", hash = "sha256:2d91e135bf72d31a410b17c16da610a82cb55f6b0477d1a902134b24a455b8b3", size = 4646, upload-time = "2023-01-07T11:08:11.254Z" }
wheels = [
    { url = "https://files.pythonhosted.org/packages/ef/a6/62565a6e1cf69e10f5727360368e451d4b7f58beeac6173dc9db836a5b46/iniconfig-2.0.0-py3-none-any.whl", hash = "sha256:b6a85871a79d2e3b22d2d1b94ac2824226a63c6b741c88f7ae975f18b6778374", size = 5892, upload-time = "2023-01-07T11:08:09.864Z" },
]

[[package]]
name = "packaging"
version = "24.2"
source = { registry = "https://pypi.org/simple" }
sdist = { url = "https://files.pythonhosted.org/packages/d0/63/68dbb6eb2de9cb10ee4c9c14a0148804425e13c4fb20d61cce69f53106da/packaging-24.2.tar.gz", hash = "sha256:c228a6dc5e932d346bc5739379109d49e8853dd8223571c7c5b55260edc0b97f", size = 163950, upload-time = "2024-11-08T09:47:47.202Z" }
wheels = [
    { url = "https://files.pythonhosted.org/packages/88/ef/eb23f262cca3c0c4eb7ab1933c3b1f03d021f2c48f54763065b6f0e321be/packaging-24.2-py3-none-any.whl", hash = "sha256:09abb1bccd265c01f4a3aa3f7a7db064b36514d2cba19a2f694fe6150451a759", size = 65451, upload-time = "2024-11-08T09:47:44.722Z" },
]

[[package]]
name = "platformdirs"
version = "4.3.6"
source = { registry = "https://pypi.org/simple" }
sdist = { url = "https://files.pythonhosted.org/packages/13/fc/128cc9cb8f03208bdbf93d3aa862e16d376844a14f9a0ce5cf4507372de4/platformdirs-4.3.6.tar.gz", hash = "sha256:357fb2acbc885b0419afd3ce3ed34564c13c9b95c89360cd9563f73aa5e2b907", size = 21302, upload-time = "2024-09-17T19:06:50.688Z" }
wheels = [
    { url = "https://files.pythonhosted.org/packages/3c/a6/bc1012356d8ece4d66dd75c4b9fc6c1f6650ddd5991e421177d9f8f671be/platformdirs-4.3.6-py3-none-any.whl", hash = "sha256:73e575e1408ab8103900836b97580d5307456908a03e92031bab39e4554cc3fb", size = 18439, upload-time = "2024-09-17T19:06:49.212Z" },
]

[[package]]
name = "pluggy"
version = "1.5.0"
source = { registry = "https://pypi.org/simple" }
sdist = { url = "https://files.pythonhosted.org/packages/96/2d/02d4312c973c6050a18b314a5ad0b3210edb65a906f868e31c111dede4a6/pluggy-1.5.0.tar.gz", hash = "sha256:2cffa88e94fdc978c4c574f15f9e59b7f4201d439195c3715ca9e2486f1d0cf1", size = 67955, upload-time = "2024-04-20T21:34:42.531Z" }
wheels = [
    { url = "https://files.pythonhosted.org/packages/88/5f/e351af9a41f866ac3f1fac4ca0613908d9a41741cfcf2228f4ad853b697d/pluggy-1.5.0-py3-none-any.whl", hash = "sha256:44e1ad92c8ca002de6377e165f3e0f1be63266ab4d554740532335b9d75ea669", size = 20556, upload-time = "2024-04-20T21:34:40.434Z" },
]

[[package]]
name = "py-spy"
version = "0.4.2"
source = { registry = "https://pypi.org/simple" }
sdist = { url = "https://files.pythonhosted.org/packages/93/d8/5b71371f50cf153b1307e5a11ac8a4ce4d85651dae946bd7e9a064146545/py_spy-0.4.2.tar.gz", hash = "sha256:90e600b27bb6bb40479637baca5a5b4bc2ba3395c93d889e672315d93042c4ae", size = 286374, upload-time = "2026-04-24T22:08:54.906Z" }
wheels = [
    { url = "https://files.pythonhosted.org/packages/ef/21/ec030145a0c7992bd4b9eafb2f06f56358b3a5339eab4a16534baf3c69aa/py_spy-0.4.2-py2.py3-none-macosx_10_12_x86_64.macosx_11_0_arm64.macosx_10_12_universal2.whl", hash = "sha256:1ccf688393105111684435f035bc14ec3f22117dd2b85b2414612cf27a22755a", size = 3743992, upload-time = "2026-04-24T22:08:45.438Z" },
    { url = "https://files.pythonhosted.org/packages/50/80/de5fd27243c2be03692ecd317bf0dbe24b4c6f78f689ce111e7277a7cb09/py_spy-0.4.2-py2.py3-none-macosx_11_0_arm64.whl", hash = "sha256:a0e6f6810ccf0fc5e64e85e0182a5b626c4496eec01b14fb8755154b363a4831", size = 1859057, upload-time = "2026-04-24T22:08:46.946Z" },
    { url = "https://files.pythonhosted.org/packages/89/23/3eb4c23c684ebd667674ce1d076ae855e0621d1d9bd5e052aa3f7982f757/py_spy-0.4.2-py2.py3-none-manylinux_2_17_aarch64.manylinux2014_aarch64.whl", hash = "sha256:142887e984a4e541071c99a4401ff8c3770f255d329dbd0f64e8c1dd51882cce", size = 2828136, upload-time = "2026-04-24T22:08:48.519Z" },
    { url = "https://files.pythonhosted.org/packages/ca/01/6314152cf9ad3310ebacbf2c47b5ed858086530f8e12b1a665725ca5e0f4/py_spy-0.4.2-py2.py3-none-manylinux_2_17_armv7l.manylinux2014_armv7l.whl", hash = "sha256:7f1c6d9b0e2379ead5bf792df43f4cf36153aa79e6dda4fb8ac7740cf8017110", size = 2857707, upload-time = "2026-04-24T22:08:49.677Z" },
    { url = "https://files.pythonhosted.org/packages/cc/1f/0960a129d504728d28a51dbd5a04ce94031eb75bac676341da7aefdd8232/py_spy-0.4.2-py2.py3-none-manylinux_2_5_i686.manylinux1_i686.whl", hash = "sha256:24720573f95230653b457671a1dcc3c5a381fcf4e92677761e328a430ad251b2", size = 2301852, upload-time = "2026-04-24T22:08:51.152Z" },
    { url = "https://files.pythonhosted.org/packages/f9/34/dd7d3c763a00b7b965e25a5eab0acd1a345dbaf0f45fffe595278873a1c0/py_spy-0.4.2-py2.py3-none-manylinux_2_5_x86_64.manylinux1_x86_64.whl", hash = "sha256:aeb0323409199c785f730645e9f4bb7a7b9ca2c481f2c331a55642b5d13fa52f", size = 2936518, upload-time = "2026-04-24T22:08:52.264Z" },
    { url = "https://files.pythonhosted.org/packages/6f/ed/1409cdb557e558a6c98003ab12fdd4284699e158c167c187cb0f124eea4c/py_spy-0.4.2-py2.py3-none-win_amd64.whl", hash = "sha256:8b06a353c177677e4e1701b288d8c58e2f8d4208ee81a8048d9f72ba800918f8", size = 1894002, upload-time = "2026-04-24T22:08:53.811Z" },
]

[[package]]
name = "pyaes"
version = "1.6.1"
source = { registry = "https://pypi.org/simple" }
sdist = { url = "https://files.pythonhosted.org/packages/44/66/2c17bae31c906613795711fc78045c285048168919ace2220daa372c7d72/pyaes-1.6.1.tar.gz", hash = "sha256:02c1b1405c38d3c370b085fb952dd8bea3fadcee6411ad99f312cc129c536d8f", size = 28536, upload-time = "2017-09-20T21:17:54.23Z" }

[[package]]
name = "pyrogram"
version = "2.0.106"
source = { registry = "https://pypi.org/simple" }
dependencies = [
    { name = "pyaes" },
    { name = "pysocks" },
]
sdist = { url = "https://files.pythonhosted.org/packages/c8/8e/5d09eca17271320bb9a95e50b7e053770aee85b3fd338e8267e7b6b280ae/Pyrogram-2.0.106.tar.gz", hash = "sha256:30202995758fcb6e0f91224704ab7fedefea454297724bd70a6a71a23748c16f", size = 345997, upload-time = "2023-04-30T18:24:45.506Z" }
wheels = [
    { url = "https://files.pythonhosted.org/packages/37/88/502ec24914d208e06baa6f27ff812f46815bb4f302018ad848ebf518abdf/Pyrogram-2.0.106-py3-none-any.whl", hash = "sha256:32b62b3d93030b1080cbe45b88c0e8790cf4e2179cf3321ede810d48edf97bc7", size = 3573685, upload-time = "2023-04-30T18:24:41.986Z" },
]

[[package]]
name = "pysocks"
version = "1.7.1"
source = { registry = "https://pypi.org/simple" }
sdist = { url = "https://files.pythonhosted.org/packages/bd/11/293dd436aea955d45fc4e8a35b6ae7270f5b8e00b53cf6c024c83b657a11/PySocks-1.7.1.tar.gz", hash = "sha256:3f8804571ebe159c380ac6de37643bb4685970655d3bba243530d6558b799aa0", size = 284429, upload-time = "2019-09-20T02:07:35.714Z" }
wheels = [
    { url = "https://files.pythonhosted.org/packages/8d/59/b4572118e098ac8e46e399a1dd0f2d85403ce8bbaad9ec79373ed6badaf9/PySocks-1.7.1-py3-none-any.whl", hash = "sha256:2725bd0a9925919b9b51739eea5f9e2bae91e83288108a9ad338b2e3a4435ee5", size = 16725, upload-time = "2019-09-20T02:06:22.938Z" },
]

[[package]]
name = "pytest"
version = "8.3.3"
source = { registry = "https://pypi.org/simple" }
dependencies = [
    { name = "colorama", marker = "sys_platform == 'win32'" },
    { name = "exceptiongroup", marker = "python_full_version < '3.11'" },
    { name = "iniconfig" },
    { name = "packaging" },
    { name = "pluggy" },
    { name = "tomli", marker = "python_full_version < '3.11'" },
]
sdist = { url = "https://files.pythonhosted.org/packages/8b/6c/62bbd536103af674e227c41a8f3dcd022d591f6eed5facb5a0f31ee33bbc/pytest-8.3.3.tar.gz", hash = "sha256:70b98107bd648308a7952b06e6ca9a50bc660be218d53c257cc1fc94fda10181", size = 1442487, upload-time = "2024-09-10T10:52:15.003Z" }
wheels = [
    { url = "https://files.pythonhosted.org/packages/6b/77/7440a06a8ead44c7757a64362dd22df5760f9b12dc5f11b6188cd2fc27a0/pytest-8.3.3-py3-none-any.whl", hash = "sha256:a6853c7375b2663155079443d2e45de913a911a11d669df02a50814944db57b2", size = 342341, upload-time = "2024-09-10T10:52:12.54Z" },
]

[[package]]
name = "tomli"
version = "2.1.0"
source = { registry = "https://pypi.org/simple" }
sdist = { url = "https://files.pythonhosted.org/packages/1e/e4/1b6cbcc82d8832dd0ce34767d5c560df8a3547ad8cbc427f34601415930a/tomli-2.1.0.tar.gz", hash = "sha256:3f646cae2aec94e17d04973e4249548320197cfabdf130015d023de4b74d8ab8", size = 16622, upload-time = "2024-11-11T18:38:01.76Z" }
wheels = [
    { url = "https://files.pythonhosted.org/packages/de/f7/4da0ffe1892122c9ea096c57f64c2753ae5dd3ce85488802d11b0992cc6d/tomli-2.1.0-py3-none-any.whl", hash = "sha256:a5c57c3d1c56f5ccdf89f6523458f60ef716e210fc47c4cfb188c5ba473e0391", size = 13750, upload-time = "2024-11-11T18:38:00.19Z" },
]

[[package]]
name = "typing-extensions"
version = "4.12.2"
source = { registry = "https://pypi.org/simple" }
sdist = { url = "https://files.pythonhosted.org/packages/df/db/f35a00659bc03fec321ba8bce9420de607a1d37f8342eee1863174c69557/typing_extensions-4.12.2.tar.gz", hash = "sha256:1a7ead55c7e559dd4dee8856e3a88b41225abfe1ce8df57b7c13915fe121ffb8", size = 85321, upload-time = "2024-06-07T18:52:15.995Z" }
wheels = [
    { url = "https://files.pythonhosted.org/packages/26/9f/ad63fc0248c5379346306f8668cda6e2e2e9c95e01216d2b8ffd9ff037d0/typing_extensions-4.12.2-py3-none-any.whl", hash = "sha256:04e5ca0351e0f3f85c6853954072df659d0d13fac324d0072316b67d7794700d", size = 37438, upload-time = "2024-06-07T18:52:13.582Z" },
]

[[package]]
name = "utl"
version = "0.1.0b1"
source = { editable = "." }

[package.dev-dependencies]
dev = [
    { name = "cibuildwheel" },
    { name = "py-spy" },
    { name = "pyrogram" },
    { name = "pytest" },
]

[package.metadata]

[package.metadata.requires-dev]
dev = [
    { name = "cibuildwheel", specifier = ">=2.22.0,<3" },
    { name = "py-spy", specifier = ">=0.4.2,<0.5" },
    { name = "pyrogram", specifier = ">=2.0.106,<3" },
    { name = "pytest", specifier = ">=8.3.3,<9" },
]
